Microsoft Visual Studio Solution File, Format Version 12.00
# Visual Studio Version 17
VisualStudioVersion = 17.0.31903.59
MinimumVisualStudioVersion = 10.0.40219.1
Project("{9A19103F-16F7-4668-BE54-9A1E7A4F7556}") = "TeamCatalyst.Carbon.API", "TeamCatalyst.Carbon.API\TeamCatalyst.Carbon.API.csproj", "{DC999E1F-3346-43D7-B298-F1DC2B040267}"
EndProject
Project("{9A19103F-16F7-4668-BE54-9A1E7A4F7556}") = "Carbon", "Carbon\Carbon.csproj", "{A55F8604-6265-4635-BBFD-ACDECE6CC32B}"
EndProject
Project("{9A19103F-16F7-4668-BE54-9A1E7A4F7556}") = "TeamCatalyst.Carbon.Module.MainContent", "TeamCatalyst.Carbon.Module.MainContent\TeamCatalyst.Carbon.Module.MainContent.csproj", "{DD71B353-9AD0-4668-9711-03FBAF14E73A}"
EndProject
Global
	GlobalSection(SolutionConfigurationPlatforms) = preSolution
		Debug|Any CPU = Debug|Any CPU
		Release|Any CPU = Release|Any CPU
	EndGlobalSection
	GlobalSection(ProjectConfigurationPlatforms) = postSolution
		{DC999E1F-3346-43D7-B298-F1DC2B040267}.Debug|Any CPU.ActiveCfg = Debug|Any CPU
		{DC999E1F-3346-43D7-B298-F1DC2B040267}.Debug|Any CPU.Build.0 = Debug|Any CPU
		{DC999E1F-3346-43D7-B298-F1DC2B040267}.Release|Any CPU.ActiveCfg = Release|Any CPU
		{DC999E1F-3346-43D7-B298-F1DC2B040267}.Release|Any CPU.Build.0 = Release|Any CPU
		{A55F8604-6265-4635-BBFD-ACDECE6CC32B}.Debug|Any CPU.ActiveCfg = Debug|Any CPU
		{A55F8604-6265-4635-BBFD-ACDECE6CC32B}.Debug|Any CPU.Build.0 = Debug|Any CPU
		{A55F8604-6265-4635-BBFD-ACDECE6CC32B}.Release|Any CPU.ActiveCfg = Release|Any CPU
		{A55F8604-6265-4635-BBFD-ACDECE6CC32B}.Release|Any CPU.Build.0 = Release|Any CPU
		{DD71B353-9AD0-4668-9711-03FBAF14E73A}.Debug|Any CPU.ActiveCfg = Debug|Any CPU
		{DD71B353-9AD0-4668-9711-03FBAF14E73A}.Debug|Any CPU.Build.0 = Debug|Any CPU
		{DD71B353-9AD0-4668-9711-03FBAF14E73A}.Release|Any CPU.ActiveCfg = Release|Any CPU
		{DD71B353-9AD0-4668-9711-03FBAF14E73A}.Release|Any CPU.Build.0 = Release|Any CPU
	EndGlobalSection
	GlobalSection(SolutionProperties) = preSolution
		HideSolutionNode = FALSE
	EndGlobalSection
EndGlobal
